
Microsoft Visual Studio Solution File, Format Version 12.00
# Visual Studio 14
VisualStudioVersion = 14.0.24720.0
MinimumVisualStudioVersion = 10.0.40219.1
Project("{2150E333-8FDC-42A3-9474-1A3956D46DE8}") = "Ravlyk", "Ravlyk", "{5C4D3581-B10D-4840-87E8-0F3DE2C744BE}"
EndProject
Project("{FAE04EC0-301F-11D3-BF4B-00C04F79EFBC}") = "Ravlyk.Drawing.ImageProcessor", "Ravlyk\Ravlyk.Drawing.ImageProcessor\Ravlyk.Drawing.ImageProcessor.csproj", "{5887536A-1AF1-4D42-ACF9-1E41EEC1C9B5}"
EndProject
Project("{FAE04EC0-301F-11D3-BF4B-00C04F79EFBC}") = "Ravlyk.Common", "Ravlyk\Ravlyk.Common\Ravlyk.Common.csproj", "{5C554A7E-24F7-46DA-B65D-4FC4CB132547}"
EndProject
Project("{FAE04EC0-301F-11D3-BF4B-00C04F79EFBC}") = "Ravlyk.Drawing", "Ravlyk\Ravlyk.Drawing\Ravlyk.Drawing.csproj", "{846AA919-E96F-46F3-973B-60F5ADBF8F42}"
EndProject
Project("{2150E333-8FDC-42A3-9474-1A3956D46DE8}") = "Ravlyk.UI", "Ravlyk.UI", "{554ACC43-184C-4A37-A68B-16BA36D569CC}"
EndProject
Project("{FAE04EC0-301F-11D3-BF4B-00C04F79EFBC}") = "Ravlyk.Drawing.WinForms", "Ravlyk.UI\Ravlyk.Drawing.WinForms\Ravlyk.Drawing.WinForms.csproj", "{B03F57FA-FF3A-4A48-BAD9-2B44C57ADACF}"
EndProject
Project("{2150E333-8FDC-42A3-9474-1A3956D46DE8}") = "Ravlyk.SAE", "Ravlyk.SAE", "{ADB12E5F-0B99-4CB1-ADB0-71B7FD61B361}"
EndProject
Project("{FAE04EC0-301F-11D3-BF4B-00C04F79EFBC}") = "Ravlyk.SAE.Drawing", "Ravlyk.SAE\Ravlyk.SAE.Drawing\Ravlyk.SAE.Drawing.csproj", "{FF5ACB03-4A97-4CC3-A5B2-1C7788C70257}"
EndProject
Project("{FAE04EC0-301F-11D3-BF4B-00C04F79EFBC}") = "Ravlyk.SAE.Resources", "Ravlyk.SAE\Ravlyk.SAE.Resources\Ravlyk.SAE.Resources.csproj", "{E0E75FE8-A1DF-4287-B351-F55D3722A2C1}"
EndProject
Project("{2150E333-8FDC-42A3-9474-1A3956D46DE8}") = "Tests", "Tests", "{4AF4CBF9-364E-4028-A6DC-BA4F7FF43648}"
EndProject
Project("{FAE04EC0-301F-11D3-BF4B-00C04F79EFBC}") = "Ravlyk.Common.Test", "Tests\Ravlyk.Common.Test\Ravlyk.Common.Test.csproj", "{2C2CC703-469D-49B0-AEEF-7CB2638AC22D}"
EndProject
Project("{FAE04EC0-301F-11D3-BF4B-00C04F79EFBC}") = "Ravlyk.Drawing.Test", "Tests\Ravlyk.Drawing.Test\Ravlyk.Drawing.Test.csproj", "{0ED550E9-7A44-42A5-A055-BDA05A4D8855}"
EndProject
Project("{FAE04EC0-301F-11D3-BF4B-00C04F79EFBC}") = "Ravlyk.Drawing.ImageProcessor.Test", "Tests\Ravlyk.Drawing.ImageProcessor.Test\Ravlyk.Drawing.ImageProcessor.Test.csproj", "{BF50B1CD-E3AA-4C48-A068-BDEC21035FC1}"
EndProject
Project("{FAE04EC0-301F-11D3-BF4B-00C04F79EFBC}") = "Ravlyk.SAE.Drawing.Test", "Tests\Ravlyk.SAE.Drawing.Test\Ravlyk.SAE.Drawing.Test.csproj", "{AA413CEA-423B-47D2-96F0-BC4C0878869E}"
EndProject
Project("{2150E333-8FDC-42A3-9474-1A3956D46DE8}") = "Ravlyk.Adopted", "Ravlyk.Adopted", "{07A857A5-BC3C-4DC4-BA62-0E7EC989B93E}"
EndProject
Project("{FAE04EC0-301F-11D3-BF4B-00C04F79EFBC}") = "Ravlyk.Adopted.TrueTypeSharp", "Ravlyk.Adopted\Ravlyk.Adopted.TrueTypeSharp\Ravlyk.Adopted.TrueTypeSharp.csproj", "{B722113F-1252-4BE1-9D43-6BC82B3E37D1}"
EndProject
Project("{2150E333-8FDC-42A3-9474-1A3956D46DE8}") = "Apps", "Apps", "{E9CD00FD-3A43-4E4B-B786-D9779AEC6D31}"
EndProject
Project("{FAE04EC0-301F-11D3-BF4B-00C04F79EFBC}") = "SAE5.Win", "Apps\SAE5.Win\SAE5.Win.csproj", "{F7223C73-8B04-4588-A3FA-2F24262DB0B4}"
EndProject
Project("{FAE04EC0-301F-11D3-BF4B-00C04F79EFBC}") = "System.Windows.Forms.Ribbon35", "Ravlyk.UI\System.Windows.Forms.Ribbon\System.Windows.Forms.Ribbon35.csproj", "{46A18A55-5AE8-49CE-91CD-C7421B642E7E}"
EndProject
Project("{FAE04EC0-301F-11D3-BF4B-00C04F79EFBC}") = "Ravlyk.Adopted.PdfSharp", "Ravlyk.Adopted\PdfSharp\Ravlyk.Adopted.PdfSharp.csproj", "{5384CE57-1F94-4D22-860D-2E9C1AC12DDF}"
EndProject
Project("{2150E333-8FDC-42A3-9474-1A3956D46DE8}") = "Register", "Register", "{E3E1C42B-D270-4BD7-AD5C-5219DF24FD50}"
EndProject
Project("{FAE04EC0-301F-11D3-BF4B-00C04F79EFBC}") = "Sae5KeyGen", "Register\Sae5KeyGen\Sae5KeyGen.csproj", "{46B38C5F-5EEB-40A9-BFF5-CC18907D553D}"
EndProject
Project("{FAE04EC0-301F-11D3-BF4B-00C04F79EFBC}") = "Ravlyk.Drawing.Tif", "Register\Ravlyk.Drawing.Tif\Ravlyk.Drawing.Tif.csproj", "{1E084EFA-5E72-4F97-80AF-78D71F4D0D24}"
EndProject
Project("{2150E333-8FDC-42A3-9474-1A3956D46DE8}") = "Tools", "Tools", "{FDA0E926-8EEA-430F-886C-E6E65B83E28D}"
EndProject
Project("{FAE04EC0-301F-11D3-BF4B-00C04F79EFBC}") = "PaletteFileEditor", "Tools\PaletteFileEditor\PaletteFileEditor.csproj", "{39CE5F7F-FD63-4FA3-BD21-AF4EC7E925A9}"
EndProject
Project("{FAE04EC0-301F-11D3-BF4B-00C04F79EFBC}") = "ImageConverter", "Tools\ImageConverter\ImageConverter.csproj", "{42BD14D1-7EEB-463C-B7A0-F6D22B71A862}"
EndProject
Project("{FAE04EC0-301F-11D3-BF4B-00C04F79EFBC}") = "Ravlyk.Adopted.OpenXmlPackaging", "Ravlyk.Adopted\OpenXmlPackaging\Ravlyk.Adopted.OpenXmlPackaging.csproj", "{DAD3387A-470A-4484-9427-A8C8FAEC6C0F}"
EndProject
Global
	GlobalSection(SolutionConfigurationPlatforms) = preSolution
		AppStore|Any CPU = AppStore|Any CPU
		AppStore|ARM = AppStore|ARM
		AppStore|x64 = AppStore|x64
		AppStore|x86 = AppStore|x86
		Debug|Any CPU = Debug|Any CPU
		Debug|ARM = Debug|ARM
		Debug|x64 = Debug|x64
		Debug|x86 = Debug|x86
		Release|Any CPU = Release|Any CPU
		Release|ARM = Release|ARM
		Release|x64 = Release|x64
		Release|x86 = Release|x86
	EndGlobalSection
	GlobalSection(ProjectConfigurationPlatforms) = postSolution
		{5887536A-1AF1-4D42-ACF9-1E41EEC1C9B5}.AppStore|Any CPU.ActiveCfg = Debug|Any CPU
		{5887536A-1AF1-4D42-ACF9-1E41EEC1C9B5}.AppStore|Any CPU.Build.0 = Debug|Any CPU
		{5887536A-1AF1-4D42-ACF9-1E41EEC1C9B5}.AppStore|ARM.ActiveCfg = Release|Any CPU
		{5887536A-1AF1-4D42-ACF9-1E41EEC1C9B5}.AppStore|x64.ActiveCfg = Release|Any CPU
		{5887536A-1AF1-4D42-ACF9-1E41EEC1C9B5}.AppStore|x86.ActiveCfg = Release|Any CPU
		{5887536A-1AF1-4D42-ACF9-1E41EEC1C9B5}.Debug|Any CPU.ActiveCfg = Debug|Any CPU
		{5887536A-1AF1-4D42-ACF9-1E41EEC1C9B5}.Debug|Any CPU.Build.0 = Debug|Any CPU
		{5887536A-1AF1-4D42-ACF9-1E41EEC1C9B5}.Debug|ARM.ActiveCfg = Debug|Any CPU
		{5887536A-1AF1-4D42-ACF9-1E41EEC1C9B5}.Debug|x64.ActiveCfg = Debug|Any CPU
		{5887536A-1AF1-4D42-ACF9-1E41EEC1C9B5}.Debug|x86.ActiveCfg = Debug|Any CPU
		{5887536A-1AF1-4D42-ACF9-1E41EEC1C9B5}.Release|Any CPU.ActiveCfg = Release|Any CPU
		{5887536A-1AF1-4D42-ACF9-1E41EEC1C9B5}.Release|Any CPU.Build.0 = Release|Any CPU
		{5887536A-1AF1-4D42-ACF9-1E41EEC1C9B5}.Release|ARM.ActiveCfg = Release|Any CPU
		{5887536A-1AF1-4D42-ACF9-1E41EEC1C9B5}.Release|x64.ActiveCfg = Release|Any CPU
		{5887536A-1AF1-4D42-ACF9-1E41EEC1C9B5}.Release|x86.ActiveCfg = Release|Any CPU
		{5C554A7E-24F7-46DA-B65D-4FC4CB132547}.AppStore|Any CPU.ActiveCfg = Debug|Any CPU
		{5C554A7E-24F7-46DA-B65D-4FC4CB132547}.AppStore|Any CPU.Build.0 = Debug|Any CPU
		{5C554A7E-24F7-46DA-B65D-4FC4CB132547}.AppStore|ARM.ActiveCfg = Release|Any CPU
		{5C554A7E-24F7-46DA-B65D-4FC4CB132547}.AppStore|x64.ActiveCfg = Release|Any CPU
		{5C554A7E-24F7-46DA-B65D-4FC4CB132547}.AppStore|x86.ActiveCfg = Release|Any CPU
		{5C554A7E-24F7-46DA-B65D-4FC4CB132547}.Debug|Any CPU.ActiveCfg = Debug|Any CPU
		{5C554A7E-24F7-46DA-B65D-4FC4CB132547}.Debug|Any CPU.Build.0 = Debug|Any CPU
		{5C554A7E-24F7-46DA-B65D-4FC4CB132547}.Debug|ARM.ActiveCfg = Debug|Any CPU
		{5C554A7E-24F7-46DA-B65D-4FC4CB132547}.Debug|x64.ActiveCfg = Debug|Any CPU
		{5C554A7E-24F7-46DA-B65D-4FC4CB132547}.Debug|x86.ActiveCfg = Debug|Any CPU
		{5C554A7E-24F7-46DA-B65D-4FC4CB132547}.Release|Any CPU.ActiveCfg = Release|Any CPU
		{5C554A7E-24F7-46DA-B65D-4FC4CB132547}.Release|Any CPU.Build.0 = Release|Any CPU
		{5C554A7E-24F7-46DA-B65D-4FC4CB132547}.Release|ARM.ActiveCfg = Release|Any CPU
		{5C554A7E-24F7-46DA-B65D-4FC4CB132547}.Release|x64.ActiveCfg = Release|Any CPU
		{5C554A7E-24F7-46DA-B65D-4FC4CB132547}.Release|x86.ActiveCfg = Release|Any CPU
		{846AA919-E96F-46F3-973B-60F5ADBF8F42}.AppStore|Any CPU.ActiveCfg = Debug|Any CPU
		{846AA919-E96F-46F3-973B-60F5ADBF8F42}.AppStore|Any CPU.Build.0 = Debug|Any CPU
		{846AA919-E96F-46F3-973B-60F5ADBF8F42}.AppStore|ARM.ActiveCfg = Release|Any CPU
		{846AA919-E96F-46F3-973B-60F5ADBF8F42}.AppStore|x64.ActiveCfg = Release|Any CPU
		{846AA919-E96F-46F3-973B-60F5ADBF8F42}.AppStore|x86.ActiveCfg = Release|Any CPU
		{846AA919-E96F-46F3-973B-60F5ADBF8F42}.Debug|Any CPU.ActiveCfg = Debug|Any CPU
		{846AA919-E96F-46F3-973B-60F5ADBF8F42}.Debug|Any CPU.Build.0 = Debug|Any CPU
		{846AA919-E96F-46F3-973B-60F5ADBF8F42}.Debug|ARM.ActiveCfg = Debug|Any CPU
		{846AA919-E96F-46F3-973B-60F5ADBF8F42}.Debug|x64.ActiveCfg = Debug|Any CPU
		{846AA919-E96F-46F3-973B-60F5ADBF8F42}.Debug|x86.ActiveCfg = Debug|Any CPU
		{846AA919-E96F-46F3-973B-60F5ADBF8F42}.Release|Any CPU.ActiveCfg = Release|Any CPU
		{846AA919-E96F-46F3-973B-60F5ADBF8F42}.Release|Any CPU.Build.0 = Release|Any CPU
		{846AA919-E96F-46F3-973B-60F5ADBF8F42}.Release|ARM.ActiveCfg = Release|Any CPU
		{846AA919-E96F-46F3-973B-60F5ADBF8F42}.Release|x64.ActiveCfg = Release|Any CPU
		{846AA919-E96F-46F3-973B-60F5ADBF8F42}.Release|x86.ActiveCfg = Release|Any CPU
		{B03F57FA-FF3A-4A48-BAD9-2B44C57ADACF}.AppStore|Any CPU.ActiveCfg = Debug|Any CPU
		{B03F57FA-FF3A-4A48-BAD9-2B44C57ADACF}.AppStore|Any CPU.Build.0 = Debug|Any CPU
		{B03F57FA-FF3A-4A48-BAD9-2B44C57ADACF}.AppStore|ARM.ActiveCfg = Release|Any CPU
		{B03F57FA-FF3A-4A48-BAD9-2B44C57ADACF}.AppStore|x64.ActiveCfg = Release|Any CPU
		{B03F57FA-FF3A-4A48-BAD9-2B44C57ADACF}.AppStore|x86.ActiveCfg = Release|Any CPU
		{B03F57FA-FF3A-4A48-BAD9-2B44C57ADACF}.Debug|Any CPU.ActiveCfg = Debug|Any CPU
		{B03F57FA-FF3A-4A48-BAD9-2B44C57ADACF}.Debug|Any CPU.Build.0 = Debug|Any CPU
		{B03F57FA-FF3A-4A48-BAD9-2B44C57ADACF}.Debug|ARM.ActiveCfg = Debug|Any CPU
		{B03F57FA-FF3A-4A48-BAD9-2B44C57ADACF}.Debug|x64.ActiveCfg = Debug|Any CPU
		{B03F57FA-FF3A-4A48-BAD9-2B44C57ADACF}.Debug|x86.ActiveCfg = Debug|Any CPU
		{B03F57FA-FF3A-4A48-BAD9-2B44C57ADACF}.Release|Any CPU.ActiveCfg = Release|Any CPU
		{B03F57FA-FF3A-4A48-BAD9-2B44C57ADACF}.Release|Any CPU.Build.0 = Release|Any CPU
		{B03F57FA-FF3A-4A48-BAD9-2B44C57ADACF}.Release|ARM.ActiveCfg = Release|Any CPU
		{B03F57FA-FF3A-4A48-BAD9-2B44C57ADACF}.Release|x64.ActiveCfg = Release|Any CPU
		{B03F57FA-FF3A-4A48-BAD9-2B44C57ADACF}.Release|x86.ActiveCfg = Release|Any CPU
		{FF5ACB03-4A97-4CC3-A5B2-1C7788C70257}.AppStore|Any CPU.ActiveCfg = Debug|Any CPU
		{FF5ACB03-4A97-4CC3-A5B2-1C7788C70257}.AppStore|Any CPU.Build.0 = Debug|Any CPU
		{FF5ACB03-4A97-4CC3-A5B2-1C7788C70257}.AppStore|ARM.ActiveCfg = Release|Any CPU
		{FF5ACB03-4A97-4CC3-A5B2-1C7788C70257}.AppStore|x64.ActiveCfg = Release|Any CPU
		{FF5ACB03-4A97-4CC3-A5B2-1C7788C70257}.AppStore|x86.ActiveCfg = Release|Any CPU
		{FF5ACB03-4A97-4CC3-A5B2-1C7788C70257}.Debug|Any CPU.ActiveCfg = Debug|Any CPU
		{FF5ACB03-4A97-4CC3-A5B2-1C7788C70257}.Debug|Any CPU.Build.0 = Debug|Any CPU
		{FF5ACB03-4A97-4CC3-A5B2-1C7788C70257}.Debug|ARM.ActiveCfg = Debug|Any CPU
		{FF5ACB03-4A97-4CC3-A5B2-1C7788C70257}.Debug|x64.ActiveCfg = Debug|Any CPU
		{FF5ACB03-4A97-4CC3-A5B2-1C7788C70257}.Debug|x86.ActiveCfg = Debug|Any CPU
		{FF5ACB03-4A97-4CC3-A5B2-1C7788C70257}.Release|Any CPU.ActiveCfg = Release|Any CPU
		{FF5ACB03-4A97-4CC3-A5B2-1C7788C70257}.Release|Any CPU.Build.0 = Release|Any CPU
		{FF5ACB03-4A97-4CC3-A5B2-1C7788C70257}.Release|ARM.ActiveCfg = Release|Any CPU
		{FF5ACB03-4A97-4CC3-A5B2-1C7788C70257}.Release|x64.ActiveCfg = Release|Any CPU
		{FF5ACB03-4A97-4CC3-A5B2-1C7788C70257}.Release|x86.ActiveCfg = Release|Any CPU
		{E0E75FE8-A1DF-4287-B351-F55D3722A2C1}.AppStore|Any CPU.ActiveCfg = Debug|Any CPU
		{E0E75FE8-A1DF-4287-B351-F55D3722A2C1}.AppStore|Any CPU.Build.0 = Debug|Any CPU
		{E0E75FE8-A1DF-4287-B351-F55D3722A2C1}.AppStore|ARM.ActiveCfg = Release|Any CPU
		{E0E75FE8-A1DF-4287-B351-F55D3722A2C1}.AppStore|x64.ActiveCfg = Release|Any CPU
		{E0E75FE8-A1DF-4287-B351-F55D3722A2C1}.AppStore|x86.ActiveCfg = Release|Any CPU
		{E0E75FE8-A1DF-4287-B351-F55D3722A2C1}.Debug|Any CPU.ActiveCfg = Debug|Any CPU
		{E0E75FE8-A1DF-4287-B351-F55D3722A2C1}.Debug|Any CPU.Build.0 = Debug|Any CPU
		{E0E75FE8-A1DF-4287-B351-F55D3722A2C1}.Debug|ARM.ActiveCfg = Debug|Any CPU
		{E0E75FE8-A1DF-4287-B351-F55D3722A2C1}.Debug|x64.ActiveCfg = Debug|Any CPU
		{E0E75FE8-A1DF-4287-B351-F55D3722A2C1}.Debug|x86.ActiveCfg = Debug|Any CPU
		{E0E75FE8-A1DF-4287-B351-F55D3722A2C1}.Release|Any CPU.ActiveCfg = Release|Any CPU
		{E0E75FE8-A1DF-4287-B351-F55D3722A2C1}.Release|Any CPU.Build.0 = Release|Any CPU
		{E0E75FE8-A1DF-4287-B351-F55D3722A2C1}.Release|ARM.ActiveCfg = Release|Any CPU
		{E0E75FE8-A1DF-4287-B351-F55D3722A2C1}.Release|x64.ActiveCfg = Release|Any CPU
		{E0E75FE8-A1DF-4287-B351-F55D3722A2C1}.Release|x86.ActiveCfg = Release|Any CPU
		{2C2CC703-469D-49B0-AEEF-7CB2638AC22D}.AppStore|Any CPU.ActiveCfg = Debug|Any CPU
		{2C2CC703-469D-49B0-AEEF-7CB2638AC22D}.AppStore|Any CPU.Build.0 = Debug|Any CPU
		{2C2CC703-469D-49B0-AEEF-7CB2638AC22D}.AppStore|ARM.ActiveCfg = Release|Any CPU
		{2C2CC703-469D-49B0-AEEF-7CB2638AC22D}.AppStore|x64.ActiveCfg = Release|Any CPU
		{2C2CC703-469D-49B0-AEEF-7CB2638AC22D}.AppStore|x86.ActiveCfg = Release|Any CPU
		{2C2CC703-469D-49B0-AEEF-7CB2638AC22D}.Debug|Any CPU.ActiveCfg = Debug|Any CPU
		{2C2CC703-469D-49B0-AEEF-7CB2638AC22D}.Debug|Any CPU.Build.0 = Debug|Any CPU
		{2C2CC703-469D-49B0-AEEF-7CB2638AC22D}.Debug|ARM.ActiveCfg = Debug|Any CPU
		{2C2CC703-469D-49B0-AEEF-7CB2638AC22D}.Debug|x64.ActiveCfg = Debug|Any CPU
		{2C2CC703-469D-49B0-AEEF-7CB2638AC22D}.Debug|x86.ActiveCfg = Debug|Any CPU
		{2C2CC703-469D-49B0-AEEF-7CB2638AC22D}.Release|Any CPU.ActiveCfg = Release|Any CPU
		{2C2CC703-469D-49B0-AEEF-7CB2638AC22D}.Release|ARM.ActiveCfg = Release|Any CPU
		{2C2CC703-469D-49B0-AEEF-7CB2638AC22D}.Release|x64.ActiveCfg = Release|Any CPU
		{2C2CC703-469D-49B0-AEEF-7CB2638AC22D}.Release|x86.ActiveCfg = Release|Any CPU
		{0ED550E9-7A44-42A5-A055-BDA05A4D8855}.AppStore|Any CPU.ActiveCfg = Debug|Any CPU
		{0ED550E9-7A44-42A5-A055-BDA05A4D8855}.AppStore|Any CPU.Build.0 = Debug|Any CPU
		{0ED550E9-7A44-42A5-A055-BDA05A4D8855}.AppStore|ARM.ActiveCfg = Release|Any CPU
		{0ED550E9-7A44-42A5-A055-BDA05A4D8855}.AppStore|x64.ActiveCfg = Release|Any CPU
		{0ED550E9-7A44-42A5-A055-BDA05A4D8855}.AppStore|x86.ActiveCfg = Release|Any CPU
		{0ED550E9-7A44-42A5-A055-BDA05A4D8855}.Debug|Any CPU.ActiveCfg = Debug|Any CPU
		{0ED550E9-7A44-42A5-A055-BDA05A4D8855}.Debug|Any CPU.Build.0 = Debug|Any CPU
		{0ED550E9-7A44-42A5-A055-BDA05A4D8855}.Debug|ARM.ActiveCfg = Debug|Any CPU
		{0ED550E9-7A44-42A5-A055-BDA05A4D8855}.Debug|x64.ActiveCfg = Debug|Any CPU
		{0ED550E9-7A44-42A5-A055-BDA05A4D8855}.Debug|x86.ActiveCfg = Debug|Any CPU
		{0ED550E9-7A44-42A5-A055-BDA05A4D8855}.Release|Any CPU.ActiveCfg = Release|Any CPU
		{0ED550E9-7A44-42A5-A055-BDA05A4D8855}.Release|ARM.ActiveCfg = Release|Any CPU
		{0ED550E9-7A44-42A5-A055-BDA05A4D8855}.Release|x64.ActiveCfg = Release|Any CPU
		{0ED550E9-7A44-42A5-A055-BDA05A4D8855}.Release|x86.ActiveCfg = Release|Any CPU
		{BF50B1CD-E3AA-4C48-A068-BDEC21035FC1}.AppStore|Any CPU.ActiveCfg = Debug|Any CPU
		{BF50B1CD-E3AA-4C48-A068-BDEC21035FC1}.AppStore|Any CPU.Build.0 = Debug|Any CPU
		{BF50B1CD-E3AA-4C48-A068-BDEC21035FC1}.AppStore|ARM.ActiveCfg = Release|Any CPU
		{BF50B1CD-E3AA-4C48-A068-BDEC21035FC1}.AppStore|x64.ActiveCfg = Release|Any CPU
		{BF50B1CD-E3AA-4C48-A068-BDEC21035FC1}.AppStore|x86.ActiveCfg = Release|Any CPU
		{BF50B1CD-E3AA-4C48-A068-BDEC21035FC1}.Debug|Any CPU.ActiveCfg = Debug|Any CPU
		{BF50B1CD-E3AA-4C48-A068-BDEC21035FC1}.Debug|Any CPU.Build.0 = Debug|Any CPU
		{BF50B1CD-E3AA-4C48-A068-BDEC21035FC1}.Debug|ARM.ActiveCfg = Debug|Any CPU
		{BF50B1CD-E3AA-4C48-A068-BDEC21035FC1}.Debug|x64.ActiveCfg = Debug|Any CPU
		{BF50B1CD-E3AA-4C48-A068-BDEC21035FC1}.Debug|x86.ActiveCfg = Debug|Any CPU
		{BF50B1CD-E3AA-4C48-A068-BDEC21035FC1}.Release|Any CPU.ActiveCfg = Release|Any CPU
		{BF50B1CD-E3AA-4C48-A068-BDEC21035FC1}.Release|ARM.ActiveCfg = Release|Any CPU
		{BF50B1CD-E3AA-4C48-A068-BDEC21035FC1}.Release|x64.ActiveCfg = Release|Any CPU
		{BF50B1CD-E3AA-4C48-A068-BDEC21035FC1}.Release|x86.ActiveCfg = Release|Any CPU
		{AA413CEA-423B-47D2-96F0-BC4C0878869E}.AppStore|Any CPU.ActiveCfg = Debug|Any CPU
		{AA413CEA-423B-47D2-96F0-BC4C0878869E}.AppStore|Any CPU.Build.0 = Debug|Any CPU
		{AA413CEA-423B-47D2-96F0-BC4C0878869E}.AppStore|ARM.ActiveCfg = Release|Any CPU
		{AA413CEA-423B-47D2-96F0-BC4C0878869E}.AppStore|x64.ActiveCfg = Release|Any CPU
		{AA413CEA-423B-47D2-96F0-BC4C0878869E}.AppStore|x86.ActiveCfg = Release|Any CPU
		{AA413CEA-423B-47D2-96F0-BC4C0878869E}.Debug|Any CPU.ActiveCfg = Debug|Any CPU
		{AA413CEA-423B-47D2-96F0-BC4C0878869E}.Debug|Any CPU.Build.0 = Debug|Any CPU
		{AA413CEA-423B-47D2-96F0-BC4C0878869E}.Debug|ARM.ActiveCfg = Debug|Any CPU
		{AA413CEA-423B-47D2-96F0-BC4C0878869E}.Debug|x64.ActiveCfg = Debug|Any CPU
		{AA413CEA-423B-47D2-96F0-BC4C0878869E}.Debug|x86.ActiveCfg = Debug|Any CPU
		{AA413CEA-423B-47D2-96F0-BC4C0878869E}.Release|Any CPU.ActiveCfg = Release|Any CPU
		{AA413CEA-423B-47D2-96F0-BC4C0878869E}.Release|ARM.ActiveCfg = Release|Any CPU
		{AA413CEA-423B-47D2-96F0-BC4C0878869E}.Release|x64.ActiveCfg = Release|Any CPU
		{AA413CEA-423B-47D2-96F0-BC4C0878869E}.Release|x86.ActiveCfg = Release|Any CPU
		{B722113F-1252-4BE1-9D43-6BC82B3E37D1}.AppStore|Any CPU.ActiveCfg = Debug|Any CPU
		{B722113F-1252-4BE1-9D43-6BC82B3E37D1}.AppStore|Any CPU.Build.0 = Debug|Any CPU
		{B722113F-1252-4BE1-9D43-6BC82B3E37D1}.AppStore|ARM.ActiveCfg = Release|Any CPU
		{B722113F-1252-4BE1-9D43-6BC82B3E37D1}.AppStore|x64.ActiveCfg = Release|Any CPU
		{B722113F-1252-4BE1-9D43-6BC82B3E37D1}.AppStore|x86.ActiveCfg = Release|Any CPU
		{B722113F-1252-4BE1-9D43-6BC82B3E37D1}.Debug|Any CPU.ActiveCfg = Debug|Any CPU
		{B722113F-1252-4BE1-9D43-6BC82B3E37D1}.Debug|Any CPU.Build.0 = Debug|Any CPU
		{B722113F-1252-4BE1-9D43-6BC82B3E37D1}.Debug|ARM.ActiveCfg = Debug|Any CPU
		{B722113F-1252-4BE1-9D43-6BC82B3E37D1}.Debug|x64.ActiveCfg = Debug|Any CPU
		{B722113F-1252-4BE1-9D43-6BC82B3E37D1}.Debug|x86.ActiveCfg = Debug|Any CPU
		{B722113F-1252-4BE1-9D43-6BC82B3E37D1}.Release|Any CPU.ActiveCfg = Release|Any CPU
		{B722113F-1252-4BE1-9D43-6BC82B3E37D1}.Release|Any CPU.Build.0 = Release|Any CPU
		{B722113F-1252-4BE1-9D43-6BC82B3E37D1}.Release|ARM.ActiveCfg = Release|Any CPU
		{B722113F-1252-4BE1-9D43-6BC82B3E37D1}.Release|x64.ActiveCfg = Release|Any CPU
		{B722113F-1252-4BE1-9D43-6BC82B3E37D1}.Release|x86.ActiveCfg = Release|Any CPU
		{F7223C73-8B04-4588-A3FA-2F24262DB0B4}.AppStore|Any CPU.ActiveCfg = Release|Any CPU
		{F7223C73-8B04-4588-A3FA-2F24262DB0B4}.AppStore|Any CPU.Build.0 = Release|Any CPU
		{F7223C73-8B04-4588-A3FA-2F24262DB0B4}.AppStore|ARM.ActiveCfg = Debug|Any CPU
		{F7223C73-8B04-4588-A3FA-2F24262DB0B4}.AppStore|x64.ActiveCfg = Debug|Any CPU
		{F7223C73-8B04-4588-A3FA-2F24262DB0B4}.AppStore|x86.ActiveCfg = Debug|Any CPU
		{F7223C73-8B04-4588-A3FA-2F24262DB0B4}.Debug|Any CPU.ActiveCfg = Debug|Any CPU
		{F7223C73-8B04-4588-A3FA-2F24262DB0B4}.Debug|Any CPU.Build.0 = Debug|Any CPU
		{F7223C73-8B04-4588-A3FA-2F24262DB0B4}.Debug|ARM.ActiveCfg = Debug|Any CPU
		{F7223C73-8B04-4588-A3FA-2F24262DB0B4}.Debug|x64.ActiveCfg = Debug|Any CPU
		{F7223C73-8B04-4588-A3FA-2F24262DB0B4}.Debug|x86.ActiveCfg = Debug|Any CPU
		{F7223C73-8B04-4588-A3FA-2F24262DB0B4}.Release|Any CPU.ActiveCfg = Release|Any CPU
		{F7223C73-8B04-4588-A3FA-2F24262DB0B4}.Release|Any CPU.Build.0 = Release|Any CPU
		{F7223C73-8B04-4588-A3FA-2F24262DB0B4}.Release|ARM.ActiveCfg = Release|Any CPU
		{F7223C73-8B04-4588-A3FA-2F24262DB0B4}.Release|x64.ActiveCfg = Release|Any CPU
		{F7223C73-8B04-4588-A3FA-2F24262DB0B4}.Release|x86.ActiveCfg = Release|Any CPU
		{46A18A55-5AE8-49CE-91CD-C7421B642E7E}.AppStore|Any CPU.ActiveCfg = Release|Any CPU
		{46A18A55-5AE8-49CE-91CD-C7421B642E7E}.AppStore|Any CPU.Build.0 = Release|Any CPU
		{46A18A55-5AE8-49CE-91CD-C7421B642E7E}.AppStore|ARM.ActiveCfg = Release|Any CPU
		{46A18A55-5AE8-49CE-91CD-C7421B642E7E}.AppStore|ARM.Build.0 = Release|Any CPU
		{46A18A55-5AE8-49CE-91CD-C7421B642E7E}.AppStore|x64.ActiveCfg = Release|Any CPU
		{46A18A55-5AE8-49CE-91CD-C7421B642E7E}.AppStore|x64.Build.0 = Release|Any CPU
		{46A18A55-5AE8-49CE-91CD-C7421B642E7E}.AppStore|x86.ActiveCfg = Release|Any CPU
		{46A18A55-5AE8-49CE-91CD-C7421B642E7E}.AppStore|x86.Build.0 = Release|Any CPU
		{46A18A55-5AE8-49CE-91CD-C7421B642E7E}.Debug|Any CPU.ActiveCfg = Debug|Any CPU
		{46A18A55-5AE8-49CE-91CD-C7421B642E7E}.Debug|Any CPU.Build.0 = Debug|Any CPU
		{46A18A55-5AE8-49CE-91CD-C7421B642E7E}.Debug|ARM.ActiveCfg = Debug|Any CPU
		{46A18A55-5AE8-49CE-91CD-C7421B642E7E}.Debug|ARM.Build.0 = Debug|Any CPU
		{46A18A55-5AE8-49CE-91CD-C7421B642E7E}.Debug|x64.ActiveCfg = Debug|Any CPU
		{46A18A55-5AE8-49CE-91CD-C7421B642E7E}.Debug|x64.Build.0 = Debug|Any CPU
		{46A18A55-5AE8-49CE-91CD-C7421B642E7E}.Debug|x86.ActiveCfg = Debug|Any CPU
		{46A18A55-5AE8-49CE-91CD-C7421B642E7E}.Debug|x86.Build.0 = Debug|Any CPU
		{46A18A55-5AE8-49CE-91CD-C7421B642E7E}.Release|Any CPU.ActiveCfg = Release|Any CPU
		{46A18A55-5AE8-49CE-91CD-C7421B642E7E}.Release|Any CPU.Build.0 = Release|Any CPU
		{46A18A55-5AE8-49CE-91CD-C7421B642E7E}.Release|ARM.ActiveCfg = Release|Any CPU
		{46A18A55-5AE8-49CE-91CD-C7421B642E7E}.Release|ARM.Build.0 = Release|Any CPU
		{46A18A55-5AE8-49CE-91CD-C7421B642E7E}.Release|x64.ActiveCfg = Release|Any CPU
		{46A18A55-5AE8-49CE-91CD-C7421B642E7E}.Release|x64.Build.0 = Release|Any CPU
		{46A18A55-5AE8-49CE-91CD-C7421B642E7E}.Release|x86.ActiveCfg = Release|Any CPU
		{46A18A55-5AE8-49CE-91CD-C7421B642E7E}.Release|x86.Build.0 = Release|Any CPU
		{5384CE57-1F94-4D22-860D-2E9C1AC12DDF}.AppStore|Any CPU.ActiveCfg = Release|Any CPU
		{5384CE57-1F94-4D22-860D-2E9C1AC12DDF}.AppStore|Any CPU.Build.0 = Release|Any CPU
		{5384CE57-1F94-4D22-860D-2E9C1AC12DDF}.AppStore|ARM.ActiveCfg = Release|Any CPU
		{5384CE57-1F94-4D22-860D-2E9C1AC12DDF}.AppStore|ARM.Build.0 = Release|Any CPU
		{5384CE57-1F94-4D22-860D-2E9C1AC12DDF}.AppStore|x64.ActiveCfg = Release|Any CPU
		{5384CE57-1F94-4D22-860D-2E9C1AC12DDF}.AppStore|x64.Build.0 = Release|Any CPU
		{5384CE57-1F94-4D22-860D-2E9C1AC12DDF}.AppStore|x86.ActiveCfg = Release|Any CPU
		{5384CE57-1F94-4D22-860D-2E9C1AC12DDF}.AppStore|x86.Build.0 = Release|Any CPU
		{5384CE57-1F94-4D22-860D-2E9C1AC12DDF}.Debug|Any CPU.ActiveCfg = Debug|Any CPU
		{5384CE57-1F94-4D22-860D-2E9C1AC12DDF}.Debug|Any CPU.Build.0 = Debug|Any CPU
		{5384CE57-1F94-4D22-860D-2E9C1AC12DDF}.Debug|ARM.ActiveCfg = Debug|Any CPU
		{5384CE57-1F94-4D22-860D-2E9C1AC12DDF}.Debug|ARM.Build.0 = Debug|Any CPU
		{5384CE57-1F94-4D22-860D-2E9C1AC12DDF}.Debug|x64.ActiveCfg = Debug|Any CPU
		{5384CE57-1F94-4D22-860D-2E9C1AC12DDF}.Debug|x64.Build.0 = Debug|Any CPU
		{5384CE57-1F94-4D22-860D-2E9C1AC12DDF}.Debug|x86.ActiveCfg = Debug|Any CPU
		{5384CE57-1F94-4D22-860D-2E9C1AC12DDF}.Debug|x86.Build.0 = Debug|Any CPU
		{5384CE57-1F94-4D22-860D-2E9C1AC12DDF}.Release|Any CPU.ActiveCfg = Release|Any CPU
		{5384CE57-1F94-4D22-860D-2E9C1AC12DDF}.Release|Any CPU.Build.0 = Release|Any CPU
		{5384CE57-1F94-4D22-860D-2E9C1AC12DDF}.Release|ARM.ActiveCfg = Release|Any CPU
		{5384CE57-1F94-4D22-860D-2E9C1AC12DDF}.Release|ARM.Build.0 = Release|Any CPU
		{5384CE57-1F94-4D22-860D-2E9C1AC12DDF}.Release|x64.ActiveCfg = Release|Any CPU
		{5384CE57-1F94-4D22-860D-2E9C1AC12DDF}.Release|x64.Build.0 = Release|Any CPU
		{5384CE57-1F94-4D22-860D-2E9C1AC12DDF}.Release|x86.ActiveCfg = Release|Any CPU
		{5384CE57-1F94-4D22-860D-2E9C1AC12DDF}.Release|x86.Build.0 = Release|Any CPU
		{46B38C5F-5EEB-40A9-BFF5-CC18907D553D}.AppStore|Any CPU.ActiveCfg = Release|Any CPU
		{46B38C5F-5EEB-40A9-BFF5-CC18907D553D}.AppStore|Any CPU.Build.0 = Release|Any CPU
		{46B38C5F-5EEB-40A9-BFF5-CC18907D553D}.AppStore|ARM.ActiveCfg = Release|Any CPU
		{46B38C5F-5EEB-40A9-BFF5-CC18907D553D}.AppStore|ARM.Build.0 = Release|Any CPU
		{46B38C5F-5EEB-40A9-BFF5-CC18907D553D}.AppStore|x64.ActiveCfg = Release|Any CPU
		{46B38C5F-5EEB-40A9-BFF5-CC18907D553D}.AppStore|x64.Build.0 = Release|Any CPU
		{46B38C5F-5EEB-40A9-BFF5-CC18907D553D}.AppStore|x86.ActiveCfg = Release|Any CPU
		{46B38C5F-5EEB-40A9-BFF5-CC18907D553D}.AppStore|x86.Build.0 = Release|Any CPU
		{46B38C5F-5EEB-40A9-BFF5-CC18907D553D}.Debug|Any CPU.ActiveCfg = Debug|Any CPU
		{46B38C5F-5EEB-40A9-BFF5-CC18907D553D}.Debug|Any CPU.Build.0 = Debug|Any CPU
		{46B38C5F-5EEB-40A9-BFF5-CC18907D553D}.Debug|ARM.ActiveCfg = Debug|Any CPU
		{46B38C5F-5EEB-40A9-BFF5-CC18907D553D}.Debug|ARM.Build.0 = Debug|Any CPU
		{46B38C5F-5EEB-40A9-BFF5-CC18907D553D}.Debug|x64.ActiveCfg = Debug|Any CPU
		{46B38C5F-5EEB-40A9-BFF5-CC18907D553D}.Debug|x64.Build.0 = Debug|Any CPU
		{46B38C5F-5EEB-40A9-BFF5-CC18907D553D}.Debug|x86.ActiveCfg = Debug|Any CPU
		{46B38C5F-5EEB-40A9-BFF5-CC18907D553D}.Debug|x86.Build.0 = Debug|Any CPU
		{46B38C5F-5EEB-40A9-BFF5-CC18907D553D}.Release|Any CPU.ActiveCfg = Release|Any CPU
		{46B38C5F-5EEB-40A9-BFF5-CC18907D553D}.Release|Any CPU.Build.0 = Release|Any CPU
		{46B38C5F-5EEB-40A9-BFF5-CC18907D553D}.Release|ARM.ActiveCfg = Release|Any CPU
		{46B38C5F-5EEB-40A9-BFF5-CC18907D553D}.Release|ARM.Build.0 = Release|Any CPU
		{46B38C5F-5EEB-40A9-BFF5-CC18907D553D}.Release|x64.ActiveCfg = Release|Any CPU
		{46B38C5F-5EEB-40A9-BFF5-CC18907D553D}.Release|x64.Build.0 = Release|Any CPU
		{46B38C5F-5EEB-40A9-BFF5-CC18907D553D}.Release|x86.ActiveCfg = Release|Any CPU
		{46B38C5F-5EEB-40A9-BFF5-CC18907D553D}.Release|x86.Build.0 = Release|Any CPU
		{1E084EFA-5E72-4F97-80AF-78D71F4D0D24}.AppStore|Any CPU.ActiveCfg = Release|Any CPU
		{1E084EFA-5E72-4F97-80AF-78D71F4D0D24}.AppStore|Any CPU.Build.0 = Release|Any CPU
		{1E084EFA-5E72-4F97-80AF-78D71F4D0D24}.AppStore|ARM.ActiveCfg = Release|Any CPU
		{1E084EFA-5E72-4F97-80AF-78D71F4D0D24}.AppStore|ARM.Build.0 = Release|Any CPU
		{1E084EFA-5E72-4F97-80AF-78D71F4D0D24}.AppStore|x64.ActiveCfg = Release|Any CPU
		{1E084EFA-5E72-4F97-80AF-78D71F4D0D24}.AppStore|x64.Build.0 = Release|Any CPU
		{1E084EFA-5E72-4F97-80AF-78D71F4D0D24}.AppStore|x86.ActiveCfg = Release|Any CPU
		{1E084EFA-5E72-4F97-80AF-78D71F4D0D24}.AppStore|x86.Build.0 = Release|Any CPU
		{1E084EFA-5E72-4F97-80AF-78D71F4D0D24}.Debug|Any CPU.ActiveCfg = Debug|Any CPU
		{1E084EFA-5E72-4F97-80AF-78D71F4D0D24}.Debug|Any CPU.Build.0 = Debug|Any CPU
		{1E084EFA-5E72-4F97-80AF-78D71F4D0D24}.Debug|ARM.ActiveCfg = Debug|Any CPU
		{1E084EFA-5E72-4F97-80AF-78D71F4D0D24}.Debug|ARM.Build.0 = Debug|Any CPU
		{1E084EFA-5E72-4F97-80AF-78D71F4D0D24}.Debug|x64.ActiveCfg = Debug|Any CPU
		{1E084EFA-5E72-4F97-80AF-78D71F4D0D24}.Debug|x64.Build.0 = Debug|Any CPU
		{1E084EFA-5E72-4F97-80AF-78D71F4D0D24}.Debug|x86.ActiveCfg = Debug|Any CPU
		{1E084EFA-5E72-4F97-80AF-78D71F4D0D24}.Debug|x86.Build.0 = Debug|Any CPU
		{1E084EFA-5E72-4F97-80AF-78D71F4D0D24}.Release|Any CPU.ActiveCfg = Release|Any CPU
		{1E084EFA-5E72-4F97-80AF-78D71F4D0D24}.Release|Any CPU.Build.0 = Release|Any CPU
		{1E084EFA-5E72-4F97-80AF-78D71F4D0D24}.Release|ARM.ActiveCfg = Release|Any CPU
		{1E084EFA-5E72-4F97-80AF-78D71F4D0D24}.Release|ARM.Build.0 = Release|Any CPU
		{1E084EFA-5E72-4F97-80AF-78D71F4D0D24}.Release|x64.ActiveCfg = Release|Any CPU
		{1E084EFA-5E72-4F97-80AF-78D71F4D0D24}.Release|x64.Build.0 = Release|Any CPU
		{1E084EFA-5E72-4F97-80AF-78D71F4D0D24}.Release|x86.ActiveCfg = Release|Any CPU
		{1E084EFA-5E72-4F97-80AF-78D71F4D0D24}.Release|x86.Build.0 = Release|Any CPU
		{39CE5F7F-FD63-4FA3-BD21-AF4EC7E925A9}.AppStore|Any CPU.ActiveCfg = Release|Any CPU
		{39CE5F7F-FD63-4FA3-BD21-AF4EC7E925A9}.AppStore|Any CPU.Build.0 = Release|Any CPU
		{39CE5F7F-FD63-4FA3-BD21-AF4EC7E925A9}.AppStore|ARM.ActiveCfg = Release|Any CPU
		{39CE5F7F-FD63-4FA3-BD21-AF4EC7E925A9}.AppStore|ARM.Build.0 = Release|Any CPU
		{39CE5F7F-FD63-4FA3-BD21-AF4EC7E925A9}.AppStore|x64.ActiveCfg = Release|Any CPU
		{39CE5F7F-FD63-4FA3-BD21-AF4EC7E925A9}.AppStore|x64.Build.0 = Release|Any CPU
		{39CE5F7F-FD63-4FA3-BD21-AF4EC7E925A9}.AppStore|x86.ActiveCfg = Release|Any CPU
		{39CE5F7F-FD63-4FA3-BD21-AF4EC7E925A9}.AppStore|x86.Build.0 = Release|Any CPU
		{39CE5F7F-FD63-4FA3-BD21-AF4EC7E925A9}.Debug|Any CPU.ActiveCfg = Debug|Any CPU
		{39CE5F7F-FD63-4FA3-BD21-AF4EC7E925A9}.Debug|Any CPU.Build.0 = Debug|Any CPU
		{39CE5F7F-FD63-4FA3-BD21-AF4EC7E925A9}.Debug|ARM.ActiveCfg = Debug|Any CPU
		{39CE5F7F-FD63-4FA3-BD21-AF4EC7E925A9}.Debug|ARM.Build.0 = Debug|Any CPU
		{39CE5F7F-FD63-4FA3-BD21-AF4EC7E925A9}.Debug|x64.ActiveCfg = Debug|Any CPU
		{39CE5F7F-FD63-4FA3-BD21-AF4EC7E925A9}.Debug|x64.Build.0 = Debug|Any CPU
		{39CE5F7F-FD63-4FA3-BD21-AF4EC7E925A9}.Debug|x86.ActiveCfg = Debug|Any CPU
		{39CE5F7F-FD63-4FA3-BD21-AF4EC7E925A9}.Debug|x86.Build.0 = Debug|Any CPU
		{39CE5F7F-FD63-4FA3-BD21-AF4EC7E925A9}.Release|Any CPU.ActiveCfg = Release|Any CPU
		{39CE5F7F-FD63-4FA3-BD21-AF4EC7E925A9}.Release|ARM.ActiveCfg = Release|Any CPU
		{39CE5F7F-FD63-4FA3-BD21-AF4EC7E925A9}.Release|ARM.Build.0 = Release|Any CPU
		{39CE5F7F-FD63-4FA3-BD21-AF4EC7E925A9}.Release|x64.ActiveCfg = Release|Any CPU
		{39CE5F7F-FD63-4FA3-BD21-AF4EC7E925A9}.Release|x64.Build.0 = Release|Any CPU
		{39CE5F7F-FD63-4FA3-BD21-AF4EC7E925A9}.Release|x86.ActiveCfg = Release|Any CPU
		{39CE5F7F-FD63-4FA3-BD21-AF4EC7E925A9}.Release|x86.Build.0 = Release|Any CPU
		{42BD14D1-7EEB-463C-B7A0-F6D22B71A862}.AppStore|Any CPU.ActiveCfg = Release|Any CPU
		{42BD14D1-7EEB-463C-B7A0-F6D22B71A862}.AppStore|Any CPU.Build.0 = Release|Any CPU
		{42BD14D1-7EEB-463C-B7A0-F6D22B71A862}.AppStore|ARM.ActiveCfg = Release|Any CPU
		{42BD14D1-7EEB-463C-B7A0-F6D22B71A862}.AppStore|ARM.Build.0 = Release|Any CPU
		{42BD14D1-7EEB-463C-B7A0-F6D22B71A862}.AppStore|x64.ActiveCfg = Release|Any CPU
		{42BD14D1-7EEB-463C-B7A0-F6D22B71A862}.AppStore|x64.Build.0 = Release|Any CPU
		{42BD14D1-7EEB-463C-B7A0-F6D22B71A862}.AppStore|x86.ActiveCfg = Release|Any CPU
		{42BD14D1-7EEB-463C-B7A0-F6D22B71A862}.AppStore|x86.Build.0 = Release|Any CPU
		{42BD14D1-7EEB-463C-B7A0-F6D22B71A862}.Debug|Any CPU.ActiveCfg = Debug|Any CPU
		{42BD14D1-7EEB-463C-B7A0-F6D22B71A862}.Debug|Any CPU.Build.0 = Debug|Any CPU
		{42BD14D1-7EEB-463C-B7A0-F6D22B71A862}.Debug|ARM.ActiveCfg = Debug|Any CPU
		{42BD14D1-7EEB-463C-B7A0-F6D22B71A862}.Debug|ARM.Build.0 = Debug|Any CPU
		{42BD14D1-7EEB-463C-B7A0-F6D22B71A862}.Debug|x64.ActiveCfg = Debug|Any CPU
		{42BD14D1-7EEB-463C-B7A0-F6D22B71A862}.Debug|x64.Build.0 = Debug|Any CPU
		{42BD14D1-7EEB-463C-B7A0-F6D22B71A862}.Debug|x86.ActiveCfg = Debug|Any CPU
		{42BD14D1-7EEB-463C-B7A0-F6D22B71A862}.Debug|x86.Build.0 = Debug|Any CPU
		{42BD14D1-7EEB-463C-B7A0-F6D22B71A862}.Release|Any CPU.ActiveCfg = Release|Any CPU
		{42BD14D1-7EEB-463C-B7A0-F6D22B71A862}.Release|ARM.ActiveCfg = Release|Any CPU
		{42BD14D1-7EEB-463C-B7A0-F6D22B71A862}.Release|ARM.Build.0 = Release|Any CPU
		{42BD14D1-7EEB-463C-B7A0-F6D22B71A862}.Release|x64.ActiveCfg = Release|Any CPU
		{42BD14D1-7EEB-463C-B7A0-F6D22B71A862}.Release|x64.Build.0 = Release|Any CPU
		{42BD14D1-7EEB-463C-B7A0-F6D22B71A862}.Release|x86.ActiveCfg = Release|Any CPU
		{42BD14D1-7EEB-463C-B7A0-F6D22B71A862}.Release|x86.Build.0 = Release|Any CPU
		{DAD3387A-470A-4484-9427-A8C8FAEC6C0F}.AppStore|Any CPU.ActiveCfg = Release|Any CPU
		{DAD3387A-470A-4484-9427-A8C8FAEC6C0F}.AppStore|Any CPU.Build.0 = Release|Any CPU
		{DAD3387A-470A-4484-9427-A8C8FAEC6C0F}.AppStore|ARM.ActiveCfg = Release|Any CPU
		{DAD3387A-470A-4484-9427-A8C8FAEC6C0F}.AppStore|ARM.Build.0 = Release|Any CPU
		{DAD3387A-470A-4484-9427-A8C8FAEC6C0F}.AppStore|x64.ActiveCfg = Release|Any CPU
		{DAD3387A-470A-4484-9427-A8C8FAEC6C0F}.AppStore|x64.Build.0 = Release|Any CPU
		{DAD3387A-470A-4484-9427-A8C8FAEC6C0F}.AppStore|x86.ActiveCfg = Release|Any CPU
		{DAD3387A-470A-4484-9427-A8C8FAEC6C0F}.AppStore|x86.Build.0 = Release|Any CPU
		{DAD3387A-470A-4484-9427-A8C8FAEC6C0F}.Debug|Any CPU.ActiveCfg = Debug|Any CPU
		{DAD3387A-470A-4484-9427-A8C8FAEC6C0F}.Debug|Any CPU.Build.0 = Debug|Any CPU
		{DAD3387A-470A-4484-9427-A8C8FAEC6C0F}.Debug|ARM.ActiveCfg = Debug|Any CPU
		{DAD3387A-470A-4484-9427-A8C8FAEC6C0F}.Debug|ARM.Build.0 = Debug|Any CPU
		{DAD3387A-470A-4484-9427-A8C8FAEC6C0F}.Debug|x64.ActiveCfg = Debug|Any CPU
		{DAD3387A-470A-4484-9427-A8C8FAEC6C0F}.Debug|x64.Build.0 = Debug|Any CPU
		{DAD3387A-470A-4484-9427-A8C8FAEC6C0F}.Debug|x86.ActiveCfg = Debug|Any CPU
		{DAD3387A-470A-4484-9427-A8C8FAEC6C0F}.Debug|x86.Build.0 = Debug|Any CPU
		{DAD3387A-470A-4484-9427-A8C8FAEC6C0F}.Release|Any CPU.ActiveCfg = Release|Any CPU
		{DAD3387A-470A-4484-9427-A8C8FAEC6C0F}.Release|Any CPU.Build.0 = Release|Any CPU
		{DAD3387A-470A-4484-9427-A8C8FAEC6C0F}.Release|ARM.ActiveCfg = Release|Any CPU
		{DAD3387A-470A-4484-9427-A8C8FAEC6C0F}.Release|ARM.Build.0 = Release|Any CPU
		{DAD3387A-470A-4484-9427-A8C8FAEC6C0F}.Release|x64.ActiveCfg = Release|Any CPU
		{DAD3387A-470A-4484-9427-A8C8FAEC6C0F}.Release|x64.Build.0 = Release|Any CPU
		{DAD3387A-470A-4484-9427-A8C8FAEC6C0F}.Release|x86.ActiveCfg = Release|Any CPU
		{DAD3387A-470A-4484-9427-A8C8FAEC6C0F}.Release|x86.Build.0 = Release|Any CPU
	EndGlobalSection
	GlobalSection(SolutionProperties) = preSolution
		HideSolutionNode = FALSE
	EndGlobalSection
	GlobalSection(NestedProjects) = preSolution
		{5887536A-1AF1-4D42-ACF9-1E41EEC1C9B5} = {5C4D3581-B10D-4840-87E8-0F3DE2C744BE}
		{5C554A7E-24F7-46DA-B65D-4FC4CB132547} = {5C4D3581-B10D-4840-87E8-0F3DE2C744BE}
		{846AA919-E96F-46F3-973B-60F5ADBF8F42} = {5C4D3581-B10D-4840-87E8-0F3DE2C744BE}
		{B03F57FA-FF3A-4A48-BAD9-2B44C57ADACF} = {554ACC43-184C-4A37-A68B-16BA36D569CC}
		{FF5ACB03-4A97-4CC3-A5B2-1C7788C70257} = {ADB12E5F-0B99-4CB1-ADB0-71B7FD61B361}
		{E0E75FE8-A1DF-4287-B351-F55D3722A2C1} = {ADB12E5F-0B99-4CB1-ADB0-71B7FD61B361}
		{2C2CC703-469D-49B0-AEEF-7CB2638AC22D} = {4AF4CBF9-364E-4028-A6DC-BA4F7FF43648}
		{0ED550E9-7A44-42A5-A055-BDA05A4D8855} = {4AF4CBF9-364E-4028-A6DC-BA4F7FF43648}
		{BF50B1CD-E3AA-4C48-A068-BDEC21035FC1} = {4AF4CBF9-364E-4028-A6DC-BA4F7FF43648}
		{AA413CEA-423B-47D2-96F0-BC4C0878869E} = {4AF4CBF9-364E-4028-A6DC-BA4F7FF43648}
		{B722113F-1252-4BE1-9D43-6BC82B3E37D1} = {07A857A5-BC3C-4DC4-BA62-0E7EC989B93E}
		{F7223C73-8B04-4588-A3FA-2F24262DB0B4} = {E9CD00FD-3A43-4E4B-B786-D9779AEC6D31}
		{46A18A55-5AE8-49CE-91CD-C7421B642E7E} = {554ACC43-184C-4A37-A68B-16BA36D569CC}
		{5384CE57-1F94-4D22-860D-2E9C1AC12DDF} = {07A857A5-BC3C-4DC4-BA62-0E7EC989B93E}
		{46B38C5F-5EEB-40A9-BFF5-CC18907D553D} = {E3E1C42B-D270-4BD7-AD5C-5219DF24FD50}
		{1E084EFA-5E72-4F97-80AF-78D71F4D0D24} = {E3E1C42B-D270-4BD7-AD5C-5219DF24FD50}
		{39CE5F7F-FD63-4FA3-BD21-AF4EC7E925A9} = {FDA0E926-8EEA-430F-886C-E6E65B83E28D}
		{42BD14D1-7EEB-463C-B7A0-F6D22B71A862} = {FDA0E926-8EEA-430F-886C-E6E65B83E28D}
		{DAD3387A-470A-4484-9427-A8C8FAEC6C0F} = {07A857A5-BC3C-4DC4-BA62-0E7EC989B93E}
	EndGlobalSection
	GlobalSection(TeamFoundationVersionControl) = preSolution
		SccNumberOfProjects = 20
		SccEnterpriseProvider = {4CA58AB2-18FA-4F8D-95D4-32DDF27D184C}
		SccTeamFoundationServer = https://stitcharteasy.visualstudio.com/defaultcollection
		SccLocalPath0 = .
		SccProjectUniqueName1 = Ravlyk\\Ravlyk.Common\\Ravlyk.Common.csproj
		SccProjectTopLevelParentUniqueName1 = SAE5.sln
		SccProjectName1 = Ravlyk/Ravlyk.Common
		SccLocalPath1 = Ravlyk\\Ravlyk.Common
		SccProjectUniqueName2 = Ravlyk\\Ravlyk.Drawing\\Ravlyk.Drawing.csproj
		SccProjectTopLevelParentUniqueName2 = SAE5.sln
		SccProjectName2 = Ravlyk/Ravlyk.Drawing
		SccLocalPath2 = Ravlyk\\Ravlyk.Drawing
		SccProjectUniqueName3 = Ravlyk\\Ravlyk.Drawing.ImageProcessor\\Ravlyk.Drawing.ImageProcessor.csproj
		SccProjectTopLevelParentUniqueName3 = SAE5.sln
		SccProjectName3 = Ravlyk/Ravlyk.Drawing.ImageProcessor
		SccLocalPath3 = Ravlyk\\Ravlyk.Drawing.ImageProcessor
		SccProjectUniqueName4 = Ravlyk.SAE\\Ravlyk.SAE.Drawing\\Ravlyk.SAE.Drawing.csproj
		SccProjectTopLevelParentUniqueName4 = SAE5.sln
		SccProjectName4 = Ravlyk.SAE/Ravlyk.SAE.Drawing
		SccLocalPath4 = Ravlyk.SAE\\Ravlyk.SAE.Drawing
		SccProjectUniqueName5 = Ravlyk.UI\\Ravlyk.Drawing.WinForms\\Ravlyk.Drawing.WinForms.csproj
		SccProjectTopLevelParentUniqueName5 = SAE5.sln
		SccProjectName5 = Ravlyk.UI/Ravlyk.Drawing.WinForms
		SccLocalPath5 = Ravlyk.UI\\Ravlyk.Drawing.WinForms
		SccProjectUniqueName6 = Ravlyk.SAE\\Ravlyk.SAE.Resources\\Ravlyk.SAE.Resources.csproj
		SccProjectTopLevelParentUniqueName6 = SAE5.sln
		SccProjectName6 = Ravlyk.SAE/Ravlyk.SAE.Resources
		SccLocalPath6 = Ravlyk.SAE\\Ravlyk.SAE.Resources
		SccProjectUniqueName7 = Tests\\Ravlyk.Common.Test\\Ravlyk.Common.Test.csproj
		SccProjectTopLevelParentUniqueName7 = SAE5.sln
		SccProjectName7 = Tests/Ravlyk.Common.Test
		SccLocalPath7 = Tests\\Ravlyk.Common.Test
		SccProjectUniqueName8 = Tests\\Ravlyk.Drawing.ImageProcessor.Test\\Ravlyk.Drawing.ImageProcessor.Test.csproj
		SccProjectTopLevelParentUniqueName8 = SAE5.sln
		SccProjectName8 = Tests/Ravlyk.Drawing.ImageProcessor.Test
		SccLocalPath8 = Tests\\Ravlyk.Drawing.ImageProcessor.Test
		SccProjectUniqueName9 = Tests\\Ravlyk.Drawing.Test\\Ravlyk.Drawing.Test.csproj
		SccProjectTopLevelParentUniqueName9 = SAE5.sln
		SccProjectName9 = Tests/Ravlyk.Drawing.Test
		SccLocalPath9 = Tests\\Ravlyk.Drawing.Test
		SccProjectUniqueName10 = Tests\\Ravlyk.SAE.Drawing.Test\\Ravlyk.SAE.Drawing.Test.csproj
		SccProjectTopLevelParentUniqueName10 = SAE5.sln
		SccProjectName10 = Tests/Ravlyk.SAE.Drawing.Test
		SccLocalPath10 = Tests\\Ravlyk.SAE.Drawing.Test
		SccProjectUniqueName11 = Apps\\SAE5.Win\\SAE5.Win.csproj
		SccProjectTopLevelParentUniqueName11 = SAE5.sln
		SccProjectName11 = Apps/SAE5.Win
		SccLocalPath11 = Apps\\SAE5.Win
		SccProjectUniqueName12 = Ravlyk.Adopted\\Ravlyk.Adopted.TrueTypeSharp\\Ravlyk.Adopted.TrueTypeSharp.csproj
		SccProjectTopLevelParentUniqueName12 = SAE5.sln
		SccProjectName12 = Ravlyk.Adopted/Ravlyk.Adopted.TrueTypeSharp
		SccLocalPath12 = Ravlyk.Adopted\\Ravlyk.Adopted.TrueTypeSharp
		SccProjectUniqueName13 = Ravlyk.UI\\System.Windows.Forms.Ribbon\\System.Windows.Forms.Ribbon35.csproj
		SccProjectTopLevelParentUniqueName13 = SAE5.sln
		SccProjectName13 = Ravlyk.UI/System.Windows.Forms.Ribbon
		SccLocalPath13 = Ravlyk.UI\\System.Windows.Forms.Ribbon
		SccProjectUniqueName14 = Ravlyk.Adopted\\PdfSharp\\Ravlyk.Adopted.PdfSharp.csproj
		SccProjectTopLevelParentUniqueName14 = SAE5.sln
		SccLocalPath14 = .
		SccProjectFilePathRelativizedFromConnection14 = Ravlyk.Adopted\\PdfSharp\\
		SccProjectUniqueName15 = Register\\Sae5KeyGen\\Sae5KeyGen.csproj
		SccProjectTopLevelParentUniqueName15 = SAE5.sln
		SccProjectName15 = Register/Sae5KeyGen
		SccLocalPath15 = Register\\Sae5KeyGen
		SccProjectUniqueName16 = Register\\Ravlyk.Drawing.Tif\\Ravlyk.Drawing.Tif.csproj
		SccProjectTopLevelParentUniqueName16 = SAE5.sln
		SccProjectName16 = Register/Ravlyk.Drawing.Tif
		SccLocalPath16 = Register\\Ravlyk.Drawing.Tif
		SccProjectUniqueName17 = Tools\\PaletteFileEditor\\PaletteFileEditor.csproj
		SccProjectTopLevelParentUniqueName17 = SAE5.sln
		SccProjectName17 = Tools/PaletteFileEditor
		SccLocalPath17 = Tools\\PaletteFileEditor
		SccProjectUniqueName18 = Tools\\ImageConverter\\ImageConverter.csproj
		SccProjectTopLevelParentUniqueName18 = SAE5.sln
		SccProjectName18 = Tools/ImageConverter
		SccLocalPath18 = Tools\\ImageConverter
		SccProjectUniqueName19 = Ravlyk.Adopted\\OpenXmlPackaging\\Ravlyk.Adopted.OpenXmlPackaging.csproj
		SccProjectTopLevelParentUniqueName19 = SAE5.sln
		SccProjectName19 = Ravlyk.Adopted/OpenXmlPackaging
		SccLocalPath19 = Ravlyk.Adopted\\OpenXmlPackaging
	EndGlobalSection
	GlobalSection(MonoDevelopProperties) = preSolution
		StartupItem = Tests\Standalone\1stTest\1stTest.csproj
		Policies = $0
		$0.DotNetNamingPolicy = $1
		$1.DirectoryNamespaceAssociation = PrefixedHierarchical
		$1.ResourceNamePolicy = FileName
		$0.VersionControlPolicy = $2
		$2.inheritsSet = Mono
		$0.StandardHeader = $3
		$3.Text = 
		$3.IncludeInNewFiles = True
		$0.NameConventionPolicy = $4
		$4.Rules = $5
		$5.NamingRule = $25
		$6.Name = Namespaces
		$6.AffectedEntity = Namespace
		$6.VisibilityMask = VisibilityMask
		$6.NamingStyle = PascalCase
		$6.IncludeInstanceMembers = True
		$6.IncludeStaticEntities = True
		$7.Name = Types
		$7.AffectedEntity = Class, Struct, Enum, Delegate
		$7.VisibilityMask = Public
		$7.NamingStyle = PascalCase
		$7.IncludeInstanceMembers = True
		$7.IncludeStaticEntities = True
		$8.Name = Interfaces
		$8.RequiredPrefixes = $9
		$9.String = I
		$8.AffectedEntity = Interface
		$8.VisibilityMask = Public
		$8.NamingStyle = PascalCase
		$8.IncludeInstanceMembers = True
		$8.IncludeStaticEntities = True
		$10.Name = Attributes
		$10.RequiredSuffixes = $11
		$11.String = Attribute
		$10.AffectedEntity = CustomAttributes
		$10.VisibilityMask = Public
		$10.NamingStyle = PascalCase
		$10.IncludeInstanceMembers = True
		$10.IncludeStaticEntities = True
		$12.Name = Event Arguments
		$12.RequiredSuffixes = $13
		$13.String = EventArgs
		$12.AffectedEntity = CustomEventArgs
		$12.VisibilityMask = Public
		$12.NamingStyle = PascalCase
		$12.IncludeInstanceMembers = True
		$12.IncludeStaticEntities = True
		$14.Name = Exceptions
		$14.RequiredSuffixes = $15
		$15.String = Exception
		$14.AffectedEntity = CustomExceptions
		$14.VisibilityMask = VisibilityMask
		$14.NamingStyle = PascalCase
		$14.IncludeInstanceMembers = True
		$14.IncludeStaticEntities = True
		$16.Name = Methods
		$16.AffectedEntity = Methods
		$16.VisibilityMask = Protected, Public
		$16.NamingStyle = PascalCase
		$16.IncludeInstanceMembers = True
		$16.IncludeStaticEntities = True
		$17.Name = Static Readonly Fields
		$17.AffectedEntity = ReadonlyField
		$17.VisibilityMask = Protected, Public
		$17.NamingStyle = PascalCase
		$17.IncludeInstanceMembers = False
		$17.IncludeStaticEntities = True
		$18.Name = Fields
		$18.AffectedEntity = Field
		$18.VisibilityMask = Protected, Public
		$18.NamingStyle = CamelCase
		$18.IncludeInstanceMembers = True
		$18.IncludeStaticEntities = True
		$19.Name = ReadOnly Fields
		$19.AffectedEntity = ReadonlyField
		$19.VisibilityMask = Protected, Public
		$19.NamingStyle = CamelCase
		$19.IncludeInstanceMembers = True
		$19.IncludeStaticEntities = False
		$20.Name = Constant Fields
		$20.AffectedEntity = ConstantField
		$20.VisibilityMask = Protected, Public
		$20.NamingStyle = PascalCase
		$20.IncludeInstanceMembers = True
		$20.IncludeStaticEntities = True
		$21.Name = Properties
		$21.AffectedEntity = Property
		$21.VisibilityMask = Protected, Public
		$21.NamingStyle = PascalCase
		$21.IncludeInstanceMembers = True
		$21.IncludeStaticEntities = True
		$22.Name = Events
		$22.AffectedEntity = Event
		$22.VisibilityMask = Protected, Public
		$22.NamingStyle = PascalCase
		$22.IncludeInstanceMembers = True
		$22.IncludeStaticEntities = True
		$23.Name = Enum Members
		$23.AffectedEntity = EnumMember
		$23.VisibilityMask = VisibilityMask
		$23.NamingStyle = PascalCase
		$23.IncludeInstanceMembers = True
		$23.IncludeStaticEntities = True
		$24.Name = Parameters
		$24.AffectedEntity = Parameter
		$24.VisibilityMask = VisibilityMask
		$24.NamingStyle = CamelCase
		$24.IncludeInstanceMembers = True
		$24.IncludeStaticEntities = True
		$25.Name = Type Parameters
		$25.RequiredPrefixes = $26
		$26.String = T
		$25.AffectedEntity = TypeParameter
		$25.VisibilityMask = VisibilityMask
		$25.NamingStyle = PascalCase
		$25.IncludeInstanceMembers = True
		$25.IncludeStaticEntities = True
		description = Stitch Art Easy! 5.0 Alpha
		version = 5.0.1.32
	EndGlobalSection
	GlobalSection(VaultVsipSolution-v2) = preSolution
		ProjectCount = 9
		ProjectRelativeDiskPath1 = Ravlyk\Ravlyk.Common\Ravlyk.Common.csproj
		ProjectRelativeDiskPath2 = Ravlyk\Ravlyk.Drawing\Ravlyk.Drawing.csproj
		ProjectRelativeDiskPath3 = Ravlyk\Ravlyk.Drawing.ImageProcessor\Ravlyk.Drawing.ImageProcessor.csproj
		ProjectRelativeDiskPath4 = Ravlyk\Ravlyk.Drawing.WinForms\Ravlyk.Drawing.WinForms.csproj
		ProjectRelativeDiskPath5 = SAE5.sln
		ProjectRelativeDiskPath6 = SAE5.sln
		ProjectRelativeDiskPath7 = SAE5.sln
		ProjectRelativeDiskPath8 = Ravlyk\Ravlyk.Drawing.WPF\Ravlyk.Drawing.WPF.csproj
		ProjectRelativeDiskPath9 = Ravlyk.UI\Test\ImageControlTest\ImageControlTest.csproj
		VaultHost = http://mkovalchuk-mcw7/VaultService
		VaultRepositoryGUID = 8accd7e8-d664-4470-bbd6-c9da6f560f20
		VaultRepositoryID = 2
	EndGlobalSection
EndGlobal
